// !$*UTF8*$!
{
	archiveVersion = 1;
	classes = {
	};
	objectVersion = 46;
	objects = {

/* Begin PBXBuildFile section */
		CC06A3CD1E6FFC65009B31C2 /* LogTool.swift in Sources */ = {isa = PBXBuildFile; fileRef = CC06A3CC1E6FFC65009B31C2 /* LogTool.swift */; };
		CC108A241E6AACD900167A6E /* StatisticsTool.swift in Sources */ = {isa = PBXBuildFile; fileRef = CC108A231E6AACD900167A6E /* StatisticsTool.swift */; };
		CC108A261E6DB4A900167A6E /* StatisticsToolTest.swift in Sources */ = {isa = PBXBuildFile; fileRef = CC108A251E6DB4A900167A6E /* StatisticsToolTest.swift */; };
		CC108A271E6DB5E400167A6E /* ConvertTool.swift in Sources */ = {isa = PBXBuildFile; fileRef = CCE5637C1DEC6063007D972D /* ConvertTool.swift */; };
		CC108A281E6DB5EC00167A6E /* StatisticsTool.swift in Sources */ = {isa = PBXBuildFile; fileRef = CC108A231E6AACD900167A6E /* StatisticsTool.swift */; };
		CC4390531E49B1FF00EC40E5 /* ConvertTool.swift in Sources */ = {isa = PBXBuildFile; fileRef = CCE5637C1DEC6063007D972D /* ConvertTool.swift */; };
		CC686D091E4720A4009FAED8 /* FileTool.swift in Sources */ = {isa = PBXBuildFile; fileRef = CC686D081E4720A4009FAED8 /* FileTool.swift */; };
		CCC02DE91DCB3AF100321A52 /* AppDelegate.swift in Sources */ = {isa = PBXBuildFile; fileRef = CCC02DE81DCB3AF100321A52 /* AppDelegate.swift */; };
		CCC02DEB1DCB3AF100321A52 /* ViewController.swift in Sources */ = {isa = PBXBuildFile; fileRef = CCC02DEA1DCB3AF100321A52 /* ViewController.swift */; };
		CCC02DEE1DCB3AF100321A52 /* Main.storyboard in Resources */ = {isa = PBXBuildFile; fileRef = CCC02DEC1DCB3AF100321A52 /* Main.storyboard */; };
		CCC02DF01DCB3AF100321A52 /* Assets.xcassets in Resources */ = {isa = PBXBuildFile; fileRef = CCC02DEF1DCB3AF100321A52 /* Assets.xcassets */; };
		CCC02DF31DCB3AF100321A52 /* LaunchScreen.storyboard in Resources */ = {isa = PBXBuildFile; fileRef = CCC02DF11DCB3AF100321A52 /* LaunchScreen.storyboard */; };
		CCC02DFE1DCB3AF100321A52 /* SimpleWatchTests.swift in Sources */ = {isa = PBXBuildFile; fileRef = CCC02DFD1DCB3AF100321A52 /* SimpleWatchTests.swift */; };
		CCC02E031DCB3AF100321A52 /* SimpleWatch WatchKit App.app in Embed Watch Content */ = {isa = PBXBuildFile; fileRef = CCC02E021DCB3AF100321A52 /* SimpleWatch WatchKit App.app */; };
		CCC02E091DCB3AF100321A52 /* Interface.storyboard in Resources */ = {isa = PBXBuildFile; fileRef = CCC02E071DCB3AF100321A52 /* Interface.storyboard */; };
		CCC02E0B1DCB3AF100321A52 /* Assets.xcassets in Resources */ = {isa = PBXBuildFile; fileRef = CCC02E0A1DCB3AF100321A52 /* Assets.xcassets */; };
		CCC02E121DCB3AF100321A52 /* SimpleWatch WatchKit Extension.appex in Embed App Extensions */ = {isa = PBXBuildFile; fileRef = CCC02E111DCB3AF100321A52 /* SimpleWatch WatchKit Extension.appex */; settings = {ATTRIBUTES = (RemoveHeadersOnCopy, ); }; };
		CCC02E191DCB3AF100321A52 /* InterfaceController.swift in Sources */ = {isa = PBXBuildFile; fileRef = CCC02E181DCB3AF100321A52 /* InterfaceController.swift */; };
		CCC02E1B1DCB3AF100321A52 /* ExtensionDelegate.swift in Sources */ = {isa = PBXBuildFile; fileRef = CCC02E1A1DCB3AF100321A52 /* ExtensionDelegate.swift */; };
		CCC02E1D1DCB3AF100321A52 /* NotificationController.swift in Sources */ = {isa = PBXBuildFile; fileRef = CCC02E1C1DCB3AF100321A52 /* NotificationController.swift */; };
		CCC02E1F1DCB3AF100321A52 /* ComplicationController.swift in Sources */ = {isa = PBXBuildFile; fileRef = CCC02E1E1DCB3AF100321A52 /* ComplicationController.swift */; };
		CCC02E211DCB3AF100321A52 /* Assets.xcassets in Resources */ = {isa = PBXBuildFile; fileRef = CCC02E201DCB3AF100321A52 /* Assets.xcassets */; };
		CCE5637B1DEC6032007D972D /* WatchData.swift in Sources */ = {isa = PBXBuildFile; fileRef = CCE5637A1DEC6032007D972D /* WatchData.swift */; };
		CCE5637D1DEC6063007D972D /* ConvertTool.swift in Sources */ = {isa = PBXBuildFile; fileRef = CCE5637C1DEC6063007D972D /* ConvertTool.swift */; };
/* End PBXBuildFile section */

/* Begin PBXContainerItemProxy section */
		CCC02DFA1DCB3AF100321A52 /* PBXContainerItemProxy */ = {
			isa = PBXContainerItemProxy;
			containerPortal = CCC02DDD1DCB3AF000321A52 /* Project object */;
			proxyType = 1;
			remoteGlobalIDString = CCC02DE41DCB3AF000321A52;
			remoteInfo = SimpleWatch;
		};
		CCC02E041DCB3AF100321A52 /* PBXContainerItemProxy */ = {
			isa = PBXContainerItemProxy;
			containerPortal = CCC02DDD1DCB3AF000321A52 /* Project object */;
			proxyType = 1;
			remoteGlobalIDString = CCC02E011DCB3AF100321A52;
			remoteInfo = "SimpleWatch WatchKit App";
		};
		CCC02E131DCB3AF100321A52 /* PBXContainerItemProxy */ = {
			isa = PBXContainerItemProxy;
			containerPortal = CCC02DDD1DCB3AF000321A52 /* Project object */;
			proxyType = 1;
			remoteGlobalIDString = CCC02E101DCB3AF100321A52;
			remoteInfo = "SimpleWatch WatchKit Extension";
		};
/* End PBXContainerItemProxy section */

/* Begin PBXCopyFilesBuildPhase section */
		CCC02E281DCB3AF100321A52 /* Embed App Extensions */ = {
			isa = PBXCopyFilesBuildPhase;
			buildActionMask = 2147483647;
			dstPath = "";
			dstSubfolderSpec = 13;
			files = (
				CCC02E121DCB3AF100321A52 /* SimpleWatch WatchKit Extension.appex in Embed App Extensions */,
			);
			name = "Embed App Extensions";
			runOnlyForDeploymentPostprocessing = 0;
		};
		CCC02E2C1DCB3AF100321A52 /* Embed Watch Content */ = {
			isa = PBXCopyFilesBuildPhase;
			buildActionMask = 2147483647;
			dstPath = "$(CONTENTS_FOLDER_PATH)/Watch";
			dstSubfolderSpec = 16;
			files = (
				CCC02E031DCB3AF100321A52 /* SimpleWatch WatchKit App.app in Embed Watch Content */,
			);
			name = "Embed Watch Content";
			runOnlyForDeploymentPostprocessing = 0;
		};
/* End PBXCopyFilesBuildPhase section */

/* Begin PBXFileReference section */
		CC06A3CC1E6FFC65009B31C2 /* LogTool.swift */ = {isa = PBXFileReference; fileEncoding = 4; lastKnownFileType = sourcecode.swift; path = LogTool.swift; sourceTree = "<group>"; };
		CC108A231E6AACD900167A6E /* StatisticsTool.swift */ = {isa = PBXFileReference; fileEncoding = 4; lastKnownFileType = sourcecode.swift; path = StatisticsTool.swift; sourceTree = "<group>"; };
		CC108A251E6DB4A900167A6E /* StatisticsToolTest.swift */ = {isa = PBXFileReference; fileEncoding = 4; lastKnownFileType = sourcecode.swift; path = StatisticsToolTest.swift; sourceTree = "<group>"; };
		CC686D081E4720A4009FAED8 /* FileTool.swift */ = {isa = PBXFileReference; fileEncoding = 4; lastKnownFileType = sourcecode.swift; path = FileTool.swift; sourceTree = "<group>"; };
		CCC02DE51DCB3AF100321A52 /* SimpleWatch.app */ = {isa = PBXFileReference; explicitFileType = wrapper.application; includeInIndex = 0; path = SimpleWatch.app; sourceTree = BUILT_PRODUCTS_DIR; };
		CCC02DE81DCB3AF100321A52 /* AppDelegate.swift */ = {isa = PBXFileReference; lastKnownFileType = sourcecode.swift; path = AppDelegate.swift; sourceTree = "<group>"; };
		CCC02DEA1DCB3AF100321A52 /* ViewController.swift */ = {isa = PBXFileReference; lastKnownFileType = sourcecode.swift; path = ViewController.swift; sourceTree = "<group>"; };
		CCC02DED1DCB3AF100321A52 /* Base */ = {isa = PBXFileReference; lastKnownFileType = file.storyboard; name = Base; path = Base.lproj/Main.storyboard; sourceTree = "<group>"; };
		CCC02DEF1DCB3AF100321A52 /* Assets.xcassets */ = {isa = PBXFileReference; lastKnownFileType = folder.assetcatalog; path = Assets.xcassets; sourceTree = "<group>"; };
		CCC02DF21DCB3AF100321A52 /* Base */ = {isa = PBXFileReference; lastKnownFileType = file.storyboard; name = Base; path = Base.lproj/LaunchScreen.storyboard; sourceTree = "<group>"; };
		CCC02DF41DCB3AF100321A52 /* Info.plist */ = {isa = PBXFileReference; lastKnownFileType = text.plist.xml; path = Info.plist; sourceTree = "<group>"; };
		CCC02DF91DCB3AF100321A52 /* SimpleWatchTests.xctest */ = {isa = PBXFileReference; explicitFileType = wrapper.cfbundle; includeInIndex = 0; path = SimpleWatchTests.xctest; sourceTree = BUILT_PRODUCTS_DIR; };
		CCC02DFD1DCB3AF100321A52 /* SimpleWatchTests.swift */ = {isa = PBXFileReference; lastKnownFileType = sourcecode.swift; path = SimpleWatchTests.swift; sourceTree = "<group>"; };
		CCC02DFF1DCB3AF100321A52 /* Info.plist */ = {isa = PBXFileReference; lastKnownFileType = text.plist.xml; path = Info.plist; sourceTree = "<group>"; };
		CCC02E021DCB3AF100321A52 /* SimpleWatch WatchKit App.app */ = {isa = PBXFileReference; explicitFileType = wrapper.application; includeInIndex = 0; path = "SimpleWatch WatchKit App.app"; sourceTree = BUILT_PRODUCTS_DIR; };
		CCC02E081DCB3AF100321A52 /* Base */ = {isa = PBXFileReference; lastKnownFileType = file.storyboard; name = Base; path = Base.lproj/Interface.storyboard; sourceTree = "<group>"; };
		CCC02E0A1DCB3AF100321A52 /* Assets.xcassets */ = {isa = PBXFileReference; lastKnownFileType = folder.assetcatalog; path = Assets.xcassets; sourceTree = "<group>"; };
		CCC02E0C1DCB3AF100321A52 /* Info.plist */ = {isa = PBXFileReference; lastKnownFileType = text.plist.xml; path = Info.plist; sourceTree = "<group>"; };
		CCC02E111DCB3AF100321A52 /* SimpleWatch WatchKit Extension.appex */ = {isa = PBXFileReference; explicitFileType = "wrapper.app-extension"; includeInIndex = 0; path = "SimpleWatch WatchKit Extension.appex"; sourceTree = BUILT_PRODUCTS_DIR; };
		CCC02E171DCB3AF100321A52 /* PushNotificationPayload.apns */ = {isa = PBXFileReference; lastKnownFileType = text; path = PushNotificationPayload.apns; sourceTree = "<group>"; };
		CCC02E181DCB3AF100321A52 /* InterfaceController.swift */ = {isa = PBXFileReference; lastKnownFileType = sourcecode.swift; path = InterfaceController.swift; sourceTree = "<group>"; };
		CCC02E1A1DCB3AF100321A52 /* ExtensionDelegate.swift */ = {isa = PBXFileReference; lastKnownFileType = sourcecode.swift; path = ExtensionDelegate.swift; sourceTree = "<group>"; };
		CCC02E1C1DCB3AF100321A52 /* NotificationController.swift */ = {isa = PBXFileReference; lastKnownFileType = sourcecode.swift; path = NotificationController.swift; sourceTree = "<group>"; };
		CCC02E1E1DCB3AF100321A52 /* ComplicationController.swift */ = {isa = PBXFileReference; lastKnownFileType = sourcecode.swift; path = ComplicationController.swift; sourceTree = "<group>"; };
		CCC02E201DCB3AF100321A52 /* Assets.xcassets */ = {isa = PBXFileReference; lastKnownFileType = folder.assetcatalog; path = Assets.xcassets; sourceTree = "<group>"; };
		CCC02E221DCB3AF100321A52 /* Info.plist */ = {isa = PBXFileReference; lastKnownFileType = text.plist.xml; path = Info.plist; sourceTree = "<group>"; };
		CCE563581DEC4F68007D972D /* WatchDataKit Extension.appex */ = {isa = PBXFileReference; explicitFileType = "wrapper.app-extension"; includeInIndex = 0; path = "WatchDataKit Extension.appex"; sourceTree = BUILT_PRODUCTS_DIR; };
		CCE5637A1DEC6032007D972D /* WatchData.swift */ = {isa = PBXFileReference; fileEncoding = 4; lastKnownFileType = sourcecode.swift; path = WatchData.swift; sourceTree = "<group>"; };
		CCE5637C1DEC6063007D972D /* ConvertTool.swift */ = {isa = PBXFileReference; fileEncoding = 4; lastKnownFileType = sourcecode.swift; path = ConvertTool.swift; sourceTree = "<group>"; };
/* End PBXFileReference section */

/* Begin PBXFrameworksBuildPhase section */
		CCC02DE21DCB3AF000321A52 /* Frameworks */ = {
			isa = PBXFrameworksBuildPhase;
			buildActionMask = 2147483647;
			files = (
			);
			runOnlyForDeploymentPostprocessing = 0;
		};
		CCC02DF61DCB3AF100321A52 /* Frameworks */ = {
			isa = PBXFrameworksBuildPhase;
			buildActionMask = 2147483647;
			files = (
			);
			runOnlyForDeploymentPostprocessing = 0;
		};
		CCC02E0E1DCB3AF100321A52 /* Frameworks */ = {
			isa = PBXFrameworksBuildPhase;
			buildActionMask = 2147483647;
			files = (
			);
			runOnlyForDeploymentPostprocessing = 0;
		};
		CCE563551DEC4F68007D972D /* Frameworks */ = {
			isa = PBXFrameworksBuildPhase;
			buildActionMask = 2147483647;
			files = (
			);
			runOnlyForDeploymentPostprocessing = 0;
		};
/* End PBXFrameworksBuildPhase section */

/* Begin PBXGroup section */
		CCC02DDC1DCB3AF000321A52 = {
			isa = PBXGroup;
			children = (
				CCC02DE71DCB3AF100321A52 /* SimpleWatch */,
				CCC02DFC1DCB3AF100321A52 /* SimpleWatchTests */,
				CCC02E061DCB3AF100321A52 /* SimpleWatch WatchKit App */,
				CCC02E151DCB3AF100321A52 /* SimpleWatch WatchKit Extension */,
				CCC02DE61DCB3AF100321A52 /* Products */,
			);
			sourceTree = "<group>";
		};
		CCC02DE61DCB3AF100321A52 /* Products */ = {
			isa = PBXGroup;
			children = (
				CCC02DE51DCB3AF100321A52 /* SimpleWatch.app */,
				CCC02DF91DCB3AF100321A52 /* SimpleWatchTests.xctest */,
				CCC02E021DCB3AF100321A52 /* SimpleWatch WatchKit App.app */,
				CCC02E111DCB3AF100321A52 /* SimpleWatch WatchKit Extension.appex */,
				CCE563581DEC4F68007D972D /* WatchDataKit Extension.appex */,
			);
			name = Products;
			sourceTree = "<group>";
		};
		CCC02DE71DCB3AF100321A52 /* SimpleWatch */ = {
			isa = PBXGroup;
			children = (
				CCC02DE81DCB3AF100321A52 /* AppDelegate.swift */,
				CCC02DEA1DCB3AF100321A52 /* ViewController.swift */,
				CCC02DEC1DCB3AF100321A52 /* Main.storyboard */,
				CCC02DEF1DCB3AF100321A52 /* Assets.xcassets */,
				CCC02DF11DCB3AF100321A52 /* LaunchScreen.storyboard */,
				CCC02DF41DCB3AF100321A52 /* Info.plist */,
				CCE5637A1DEC6032007D972D /* WatchData.swift */,
				CCE5637C1DEC6063007D972D /* ConvertTool.swift */,
				CC686D081E4720A4009FAED8 /* FileTool.swift */,
				CC06A3CC1E6FFC65009B31C2 /* LogTool.swift */,
				CC108A231E6AACD900167A6E /* StatisticsTool.swift */,
			);
			path = SimpleWatch;
			sourceTree = "<group>";
		};
		CCC02DFC1DCB3AF100321A52 /* SimpleWatchTests */ = {
			isa = PBXGroup;
			children = (
				CCC02DFD1DCB3AF100321A52 /* SimpleWatchTests.swift */,
				CCC02DFF1DCB3AF100321A52 /* Info.plist */,
				CC108A251E6DB4A900167A6E /* StatisticsToolTest.swift */,
			);
			path = SimpleWatchTests;
			sourceTree = "<group>";
		};
		CCC02E061DCB3AF100321A52 /* SimpleWatch WatchKit App */ = {
			isa = PBXGroup;
			children = (
				CCC02E071DCB3AF100321A52 /* Interface.storyboard */,
				CCC02E0A1DCB3AF100321A52 /* Assets.xcassets */,
				CCC02E0C1DCB3AF100321A52 /* Info.plist */,
			);
			path = "SimpleWatch WatchKit App";
			sourceTree = "<group>";
		};
		CCC02E151DCB3AF100321A52 /* SimpleWatch WatchKit Extension */ = {
			isa = PBXGroup;
			children = (
				CCC02E181DCB3AF100321A52 /* InterfaceController.swift */,
				CCC02E1A1DCB3AF100321A52 /* ExtensionDelegate.swift */,
				CCC02E1C1DCB3AF100321A52 /* NotificationController.swift */,
				CCC02E1E1DCB3AF100321A52 /* ComplicationController.swift */,
				CCC02E201DCB3AF100321A52 /* Assets.xcassets */,
				CCC02E221DCB3AF100321A52 /* Info.plist */,
				CCC02E161DCB3AF100321A52 /* Supporting Files */,
			);
			path = "SimpleWatch WatchKit Extension";
			sourceTree = "<group>";
		};
		CCC02E161DCB3AF100321A52 /* Supporting Files */ = {
			isa = PBXGroup;
			children = (
				CCC02E171DCB3AF100321A52 /* PushNotificationPayload.apns */,
			);
			name = "Supporting Files";
			sourceTree = "<group>";
		};
/* End PBXGroup section */

/* Begin PBXNativeTarget section */
		CCC02DE41DCB3AF000321A52 /* SimpleWatch */ = {
			isa = PBXNativeTarget;
			buildConfigurationList = CCC02E2D1DCB3AF100321A52 /* Build configuration list for PBXNativeTarget "SimpleWatch" */;
			buildPhases = (
				CCC02DE11DCB3AF000321A52 /* Sources */,
				CCC02DE21DCB3AF000321A52 /* Frameworks */,
				CCC02DE31DCB3AF000321A52 /* Resources */,
				CCC02E2C1DCB3AF100321A52 /* Embed Watch Content */,
			);
			buildRules = (
			);
			dependencies = (
				CCC02E051DCB3AF100321A52 /* PBXTargetDependency */,
			);
			name = SimpleWatch;
			productName = SimpleWatch;
			productReference = CCC02DE51DCB3AF100321A52 /* SimpleWatch.app */;
			productType = "com.apple.product-type.application";
		};
		CCC02DF81DCB3AF100321A52 /* SimpleWatchTests */ = {
			isa = PBXNativeTarget;
			buildConfigurationList = CCC02E301DCB3AF100321A52 /* Build configuration list for PBXNativeTarget "SimpleWatchTests" */;
			buildPhases = (
				CCC02DF51DCB3AF100321A52 /* Sources */,
				CCC02DF61DCB3AF100321A52 /* Frameworks */,
				CCC02DF71DCB3AF100321A52 /* Resources */,
			);
			buildRules = (
			);
			dependencies = (
				CCC02DFB1DCB3AF100321A52 /* PBXTargetDependency */,
			);
			name = SimpleWatchTests;
			productName = SimpleWatchTests;
			productReference = CCC02DF91DCB3AF100321A52 /* SimpleWatchTests.xctest */;
			productType = "com.apple.product-type.bundle.unit-test";
		};
		CCC02E011DCB3AF100321A52 /* SimpleWatch WatchKit App */ = {
			isa = PBXNativeTarget;
			buildConfigurationList = CCC02E291DCB3AF100321A52 /* Build configuration list for PBXNativeTarget "SimpleWatch WatchKit App" */;
			buildPhases = (
				CCC02E001DCB3AF100321A52 /* Resources */,
				CCC02E281DCB3AF100321A52 /* Embed App Extensions */,
			);
			buildRules = (
			);
			dependencies = (
				CCC02E141DCB3AF100321A52 /* PBXTargetDependency */,
			);
			name = "SimpleWatch WatchKit App";
			productName = "SimpleWatch WatchKit App";
			productReference = CCC02E021DCB3AF100321A52 /* SimpleWatch WatchKit App.app */;
			productType = "com.apple.product-type.application.watchapp2";
		};
		CCC02E101DCB3AF100321A52 /* SimpleWatch WatchKit Extension */ = {
			isa = PBXNativeTarget;
			buildConfigurationList = CCC02E251DCB3AF100321A52 /* Build configuration list for PBXNativeTarget "SimpleWatch WatchKit Extension" */;
			buildPhases = (
				CCC02E0D1DCB3AF100321A52 /* Sources */,
				CCC02E0E1DCB3AF100321A52 /* Frameworks */,
				CCC02E0F1DCB3AF100321A52 /* Resources */,
			);
			buildRules = (
			);
			dependencies = (
			);
			name = "SimpleWatch WatchKit Extension";
			productName = "SimpleWatch WatchKit Extension";
			productReference = CCC02E111DCB3AF100321A52 /* SimpleWatch WatchKit Extension.appex */;
			productType = "com.apple.product-type.watchkit2-extension";
		};
		CCE563571DEC4F68007D972D /* WatchDataKit Extension */ = {
			isa = PBXNativeTarget;
			buildConfigurationList = CCE5636F1DEC4F68007D972D /* Build configuration list for PBXNativeTarget "WatchDataKit Extension" */;
			buildPhases = (
				CCE563541DEC4F68007D972D /* Sources */,
				CCE563551DEC4F68007D972D /* Frameworks */,
				CCE563561DEC4F68007D972D /* Resources */,
			);
			buildRules = (
			);
			dependencies = (
			);
			name = "WatchDataKit Extension";
			productName = "WatchDataKit Extension";
			productReference = CCE563581DEC4F68007D972D /* WatchDataKit Extension.appex */;
			productType = "com.apple.product-type.watchkit2-extension";
		};
/* End PBXNativeTarget section */

/* Begin PBXProject section */
		CCC02DDD1DCB3AF000321A52 /* Project object */ = {
			isa = PBXProject;
			attributes = {
				LastSwiftUpdateCheck = 0810;
				LastUpgradeCheck = 0820;
				ORGANIZATIONNAME = "Homly ZHANG";
				TargetAttributes = {
					CCC02DE41DCB3AF000321A52 = {
						CreatedOnToolsVersion = 8.1;
						DevelopmentTeam = HU67T7K98D;
						ProvisioningStyle = Automatic;
					};
					CCC02DF81DCB3AF100321A52 = {
						CreatedOnToolsVersion = 8.1;
						DevelopmentTeam = HU67T7K98D;
						ProvisioningStyle = Automatic;
						TestTargetID = CCC02DE41DCB3AF000321A52;
					};
					CCC02E011DCB3AF100321A52 = {
						CreatedOnToolsVersion = 8.1;
						DevelopmentTeam = HU67T7K98D;
						ProvisioningStyle = Automatic;
					};
					CCC02E101DCB3AF100321A52 = {
						CreatedOnToolsVersion = 8.1;
						DevelopmentTeam = HU67T7K98D;
						ProvisioningStyle = Automatic;
					};
					CCE563571DEC4F68007D972D = {
						CreatedOnToolsVersion = 8.1;
						DevelopmentTeam = HU67T7K98D;
						ProvisioningStyle = Automatic;
					};
				};
			};
			buildConfigurationList = CCC02DE01DCB3AF000321A52 /* Build configuration list for PBXProject "SimpleWatch" */;
			compatibilityVersion = "Xcode 3.2";
			developmentRegion = English;
			hasScannedForEncodings = 0;
			knownRegions = (
				en,
				Base,
			);
			mainGroup = CCC02DDC1DCB3AF000321A52;
			productRefGroup = CCC02DE61DCB3AF100321A52 /* Products */;
			projectDirPath = "";
			projectRoot = "";
			targets = (
				CCC02DE41DCB3AF000321A52 /* SimpleWatch */,
				CCC02DF81DCB3AF100321A52 /* SimpleWatchTests */,
				CCC02E011DCB3AF100321A52 /* SimpleWatch WatchKit App */,
				CCC02E101DCB3AF100321A52 /* SimpleWatch WatchKit Extension */,
				CCE563571DEC4F68007D972D /* WatchDataKit Extension */,
			);
		};
/* End PBXProject section */

/* Begin PBXResourcesBuildPhase section */
		CCC02DE31DCB3AF000321A52 /* Resources */ = {
			isa = PBXResourcesBuildPhase;
			buildActionMask = 2147483647;
			files = (
				CCC02DF31DCB3AF100321A52 /* LaunchScreen.storyboard in Resources */,
				CCC02DF01DCB3AF100321A52 /* Assets.xcassets in Resources */,
				CCC02DEE1DCB3AF100321A52 /* Main.storyboard in Resources */,
			);
			runOnlyForDeploymentPostprocessing = 0;
		};
		CCC02DF71DCB3AF100321A52 /* Resources */ = {
			isa = PBXResourcesBuildPhase;
			buildActionMask = 2147483647;
			files = (
			);
			runOnlyForDeploymentPostprocessing = 0;
		};
		CCC02E001DCB3AF100321A52 /* Resources */ = {
			isa = PBXResourcesBuildPhase;
			buildActionMask = 2147483647;
			files = (
				CCC02E0B1DCB3AF100321A52 /* Assets.xcassets in Resources */,
				CCC02E091DCB3AF100321A52 /* Interface.storyboard in Resources */,
			);
			runOnlyForDeploymentPostprocessing = 0;
		};
		CCC02E0F1DCB3AF100321A52 /* Resources */ = {
			isa = PBXResourcesBuildPhase;
			buildActionMask = 2147483647;
			files = (
				CCC02E211DCB3AF100321A52 /* Assets.xcassets in Resources */,
			);
			runOnlyForDeploymentPostprocessing = 0;
		};
		CCE563561DEC4F68007D972D /* Resources */ = {
			isa = PBXResourcesBuildPhase;
			buildActionMask = 2147483647;
			files = (
			);
			runOnlyForDeploymentPostprocessing = 0;
		};
/* End PBXResourcesBuildPhase section */

/* Begin PBXSourcesBuildPhase section */
		CCC02DE11DCB3AF000321A52 /* Sources */ = {
			isa = PBXSourcesBuildPhase;
			buildActionMask = 2147483647;
			files = (
				CCC02DEB1DCB3AF100321A52 /* ViewController.swift in Sources */,
				CC06A3CD1E6FFC65009B31C2 /* LogTool.swift in Sources */,
				CCE5637B1DEC6032007D972D /* WatchData.swift in Sources */,
				CCC02DE91DCB3AF100321A52 /* AppDelegate.swift in Sources */,
				CC686D091E4720A4009FAED8 /* FileTool.swift in Sources */,
				CC108A241E6AACD900167A6E /* StatisticsTool.swift in Sources */,
				CCE5637D1DEC6063007D972D /* ConvertTool.swift in Sources */,
			);
			runOnlyForDeploymentPostprocessing = 0;
		};
		CCC02DF51DCB3AF100321A52 /* Sources */ = {
			isa = PBXSourcesBuildPhase;
			buildActionMask = 2147483647;
			files = (
				CC108A281E6DB5EC00167A6E /* StatisticsTool.swift in Sources */,
				CC108A261E6DB4A900167A6E /* StatisticsToolTest.swift in Sources */,
				CC108A271E6DB5E400167A6E /* ConvertTool.swift in Sources */,
				CCC02DFE1DCB3AF100321A52 /* SimpleWatchTests.swift in Sources */,
			);
			runOnlyForDeploymentPostprocessing = 0;
		};
		CCC02E0D1DCB3AF100321A52 /* Sources */ = {
			isa = PBXSourcesBuildPhase;
			buildActionMask = 2147483647;
			files = (
				CCC02E1D1DCB3AF100321A52 /* NotificationController.swift in Sources */,
				CCC02E1F1DCB3AF100321A52 /* ComplicationController.swift in Sources */,
				CCC02E1B1DCB3AF100321A52 /* ExtensionDelegate.swift in Sources */,
				CC4390531E49B1FF00EC40E5 /* ConvertTool.swift in Sources */,
				CCC02E191DCB3AF100321A52 /* InterfaceController.swift in Sources */,
			);
			runOnlyForDeploymentPostprocessing = 0;
		};
		CCE563541DEC4F68007D972D /* Sources */ = {
			isa = PBXSourcesBuildPhase;
			buildActionMask = 2147483647;
			files = (
			);
			runOnlyForDeploymentPostprocessing = 0;
		};
/* End PBXSourcesBuildPhase section */

/* Begin PBXTargetDependency section */
		CCC02DFB1DCB3AF100321A52 /* PBXTargetDependency */ = {
			isa = PBXTargetDependency;
			target = CCC02DE41DCB3AF000321A52 /* SimpleWatch */;
			targetProxy = CCC02DFA1DCB3AF100321A52 /* PBXContainerItemProxy */;
		};
		CCC02E051DCB3AF100321A52 /* PBXTargetDependency */ = {
			isa = PBXTargetDependency;
			target = CCC02E011DCB3AF100321A52 /* SimpleWatch WatchKit App */;
			targetProxy = CCC02E041DCB3AF100321A52 /* PBXContainerItemProxy */;
		};
		CCC02E141DCB3AF100321A52 /* PBXTargetDependency */ = {
			isa = PBXTargetDependency;
			target = CCC02E101DCB3AF100321A52 /* SimpleWatch WatchKit Extension */;
			targetProxy = CCC02E131DCB3AF100321A52 /* PBXContainerItemProxy */;
		};
/* End PBXTargetDependency section */

/* Begin PBXVariantGroup section */
		CCC02DEC1DCB3AF100321A52 /* Main.storyboard */ = {
			isa = PBXVariantGroup;
			children = (
				CCC02DED1DCB3AF100321A52 /* Base */,
			);
			name = Main.storyboard;
			sourceTree = "<group>";
		};
		CCC02DF11DCB3AF100321A52 /* LaunchScreen.storyboard */ = {
			isa = PBXVariantGroup;
			children = (
				CCC02DF21DCB3AF100321A52 /* Base */,
			);
			name = LaunchScreen.storyboard;
			sourceTree = "<group>";
		};
		CCC02E071DCB3AF100321A52 /* Interface.storyboard */ = {
			isa = PBXVariantGroup;
			children = (
				CCC02E081DCB3AF100321A52 /* Base */,
			);
			name = Interface.storyboard;
			sourceTree = "<group>";
		};
/* End PBXVariantGroup section */

/* Begin XCBuildConfiguration section */
		CCC02E231DCB3AF100321A52 /* Debug */ = {
			isa = XCBuildConfiguration;
			buildSettings = {
				ALWAYS_SEARCH_USER_PATHS = NO;
				CLANG_ANALYZER_NONNULL = YES;
				CLANG_CXX_LANGUAGE_STANDARD = "gnu++0x";
				CLANG_CXX_LIBRARY = "libc++";
				CLANG_ENABLE_MODULES = YES;
				CLANG_ENABLE_OBJC_ARC = YES;
				CLANG_WARN_BOOL_CONVERSION = YES;
				CLANG_WARN_CONSTANT_CONVERSION = YES;
				CLANG_WARN_DIRECT_OBJC_ISA_USAGE = YES_ERROR;
				CLANG_WARN_DOCUMENTATION_COMMENTS = YES;
				CLANG_WARN_EMPTY_BODY = YES;
				CLANG_WARN_ENUM_CONVERSION = YES;
				CLANG_WARN_INFINITE_RECURSION = YES;
				CLANG_WARN_INT_CONVERSION = YES;
				CLANG_WARN_OBJC_ROOT_CLASS = YES_ERROR;
				CLANG_WARN_SUSPICIOUS_MOVE = YES;
				CLANG_WARN_SUSPICIOUS_MOVES = YES;
				CLANG_WARN_UNREACHABLE_CODE = YES;
				CLANG_WARN__DUPLICATE_METHOD_MATCH = YES;
				"CODE_SIGN_IDENTITY[sdk=iphoneos*]" = "iPhone Developer";
				COPY_PHASE_STRIP = NO;
				DEBUG_INFORMATION_FORMAT = dwarf;
				ENABLE_STRICT_OBJC_MSGSEND = YES;
				ENABLE_TESTABILITY = YES;
				GCC_C_LANGUAGE_STANDARD = gnu99;
				GCC_DYNAMIC_NO_PIC = NO;
				GCC_NO_COMMON_BLOCKS = YES;
				GCC_OPTIMIZATION_LEVEL = 0;
				GCC_PREPROCESSOR_DEFINITIONS = (
					"DEBUG=1",
					"$(inherited)",
				);
				GCC_WARN_64_TO_32_BIT_CONVERSION = YES;
				GCC_WARN_ABOUT_RETURN_TYPE = YES_ERROR;
				GCC_WARN_UNDECLARED_SELECTOR = YES;
				GCC_WARN_UNINITIALIZED_AUTOS = YES_AGGRESSIVE;
				GCC_WARN_UNUSED_FUNCTION = YES;
				GCC_WARN_UNUSED_VARIABLE = YES;
				IPHONEOS_DEPLOYMENT_TARGET = 10.1;
				MTL_ENABLE_DEBUG_INFO = YES;
				ONLY_ACTIVE_ARCH = YES;
				SDKROOT = iphoneos;
				SWIFT_ACTIVE_COMPILATION_CONDITIONS = DEBUG;
				SWIFT_OPTIMIZATION_LEVEL = "-Onone";
			};
			name = Debug;
		};
		CCC02E241DCB3AF100321A52 /* Release */ = {
			isa = XCBuildConfiguration;
			buildSettings = {
				ALWAYS_SEARCH_USER_PATHS = NO;
				CLANG_ANALYZER_NONNULL = YES;
				CLANG_CXX_LANGUAGE_STANDARD = "gnu++0x";
				CLANG_CXX_LIBRARY = "libc++";
				CLANG_ENABLE_MODULES = YES;
				CLANG_ENABLE_OBJC_ARC = YES;
				CLANG_WARN_BOOL_CONVERSION = YES;
				CLANG_WARN_CONSTANT_CONVERSION = YES;
				CLANG_WARN_DIRECT_OBJC_ISA_USAGE = YES_ERROR;
				CLANG_WARN_DOCUMENTATION_COMMENTS = YES;
				CLANG_WARN_EMPTY_BODY = YES;
				CLANG_WARN_ENUM_CONVERSION = YES;
				CLANG_WARN_INFINITE_RECURSION = YES;
				CLANG_WARN_INT_CONVERSION = YES;
				CLANG_WARN_OBJC_ROOT_CLASS = YES_ERROR;
				CLANG_WARN_SUSPICIOUS_MOVE = YES;
				CLANG_WARN_SUSPICIOUS_MOVES = YES;
				CLANG_WARN_UNREACHABLE_CODE = YES;
				CLANG_WARN__DUPLICATE_METHOD_MATCH = YES;
				"CODE_SIGN_IDENTITY[sdk=iphoneos*]" = "iPhone Developer";
				COPY_PHASE_STRIP = NO;
				DEBUG_INFORMATION_FORMAT = "dwarf-with-dsym";
				ENABLE_NS_ASSERTIONS = NO;
				ENABLE_STRICT_OBJC_MSGSEND = YES;
				GCC_C_LANGUAGE_STANDARD = gnu99;
				GCC_NO_COMMON_BLOCKS = YES;
				GCC_WARN_64_TO_32_BIT_CONVERSION = YES;
				GCC_WARN_ABOUT_RETURN_TYPE = YES_ERROR;
				GCC_WARN_UNDECLARED_SELECTOR = YES;
				GCC_WARN_UNINITIALIZED_AUTOS = YES_AGGRESSIVE;
				GCC_WARN_UNUSED_FUNCTION = YES;
				GCC_WARN_UNUSED_VARIABLE = YES;
				IPHONEOS_DEPLOYMENT_TARGET = 10.1;
				MTL_ENABLE_DEBUG_INFO = NO;
				SDKROOT = iphoneos;
				SWIFT_OPTIMIZATION_LEVEL = "-Owholemodule";
				VALIDATE_PRODUCT = YES;
			};
			name = Release;
		};
		CCC02E261DCB3AF100321A52 /* Debug */ = {
			isa = XCBuildConfiguration;
			buildSettings = {
				ASSETCATALOG_COMPILER_COMPLICATION_NAME = Complication;
				DEVELOPMENT_TEAM = HU67T7K98D;
				INFOPLIST_FILE = "SimpleWatch WatchKit Extension/Info.plist";
				LD_RUNPATH_SEARCH_PATHS = "$(inherited) @executable_path/Frameworks @executable_path/../../Frameworks";
				PRODUCT_BUNDLE_IDENTIFIER = edu.homly.SimpleWatch.watchkitapp.watchkitextension;
				PRODUCT_NAME = "${TARGET_NAME}";
				SDKROOT = watchos;
				SKIP_INSTALL = YES;
				SWIFT_VERSION = 3.0;
				TARGETED_DEVICE_FAMILY = 4;
				WATCHOS_DEPLOYMENT_TARGET = 3.1;
			};
			name = Debug;
		};
		CCC02E271DCB3AF100321A52 /* Release */ = {
			isa = XCBuildConfiguration;
			buildSettings = {
				ASSETCATALOG_COMPILER_COMPLICATION_NAME = Complication;
				DEVELOPMENT_TEAM = HU67T7K98D;
				INFOPLIST_FILE = "SimpleWatch WatchKit Extension/Info.plist";
				LD_RUNPATH_SEARCH_PATHS = "$(inherited) @executable_path/Frameworks @executable_path/../../Frameworks";
				PRODUCT_BUNDLE_IDENTIFIER = edu.homly.SimpleWatch.watchkitapp.watchkitextension;
				PRODUCT_NAME = "${TARGET_NAME}";
				SDKROOT = watchos;
				SKIP_INSTALL = YES;
				SWIFT_VERSION = 3.0;
				TARGETED_DEVICE_FAMILY = 4;
				WATCHOS_DEPLOYMENT_TARGET = 3.1;
			};
			name = Release;
		};
		CCC02E2A1DCB3AF100321A52 /* Debug */ = {
			isa = XCBuildConfiguration;
			buildSettings = {
				ALWAYS_EMBED_SWIFT_STANDARD_LIBRARIES = YES;
				ASSETCATALOG_COMPILER_APPICON_NAME = AppIcon;
				DEVELOPMENT_TEAM = HU67T7K98D;
				IBSC_MODULE = SimpleWatch_WatchKit_Extension;
				INFOPLIST_FILE = "SimpleWatch WatchKit App/Info.plist";
				PRODUCT_BUNDLE_IDENTIFIER = edu.homly.SimpleWatch.watchkitapp;
				PRODUCT_NAME = "$(TARGET_NAME)";
				SDKROOT = watchos;
				SKIP_INSTALL = YES;
				SWIFT_VERSION = 3.0;
				TARGETED_DEVICE_FAMILY = 4;
				WATCHOS_DEPLOYMENT_TARGET = 3.1;
			};
			name = Debug;
		};
		CCC02E2B1DCB3AF100321A52 /* Release */ = {
			isa = XCBuildConfiguration;
			buildSettings = {
				ALWAYS_EMBED_SWIFT_STANDARD_LIBRARIES = YES;
				ASSETCATALOG_COMPILER_APPICON_NAME = AppIcon;
				DEVELOPMENT_TEAM = HU67T7K98D;
				IBSC_MODULE = SimpleWatch_WatchKit_Extension;
				INFOPLIST_FILE = "SimpleWatch WatchKit App/Info.plist";
				PRODUCT_BUNDLE_IDENTIFIER = edu.homly.SimpleWatch.watchkitapp;
				PRODUCT_NAME = "$(TARGET_NAME)";
				SDKROOT = watchos;
				SKIP_INSTALL = YES;
				SWIFT_VERSION = 3.0;
				TARGETED_DEVICE_FAMILY = 4;
				WATCHOS_DEPLOYMENT_TARGET = 3.1;
			};
			name = Release;
		};
		CCC02E2E1DCB3AF100321A52 /* Debug */ = {
			isa = XCBuildConfiguration;
			buildSettings = {
				ASSETCATALOG_COMPILER_APPICON_NAME = AppIcon;
				DEVELOPMENT_TEAM = HU67T7K98D;
				INFOPLIST_FILE = SimpleWatch/Info.plist;
				IPHONEOS_DEPLOYMENT_TARGET = 10.0;
				LD_RUNPATH_SEARCH_PATHS = "$(inherited) @executable_path/Frameworks";
				PRODUCT_BUNDLE_IDENTIFIER = edu.homly.SimpleWatch;
				PRODUCT_NAME = "$(TARGET_NAME)";
				SWIFT_VERSION = 3.0;
				TARGETED_DEVICE_FAMILY = 1;
			};
			name = Debug;
		};
		CCC02E2F1DCB3AF100321A52 /* Release */ = {
			isa = XCBuildConfiguration;
			buildSettings = {
				ASSETCATALOG_COMPILER_APPICON_NAME = AppIcon;
				DEVELOPMENT_TEAM = HU67T7K98D;
				INFOPLIST_FILE = SimpleWatch/Info.plist;
				IPHONEOS_DEPLOYMENT_TARGET = 10.0;
				LD_RUNPATH_SEARCH_PATHS = "$(inherited) @executable_path/Frameworks";
				PRODUCT_BUNDLE_IDENTIFIER = edu.homly.SimpleWatch;
				PRODUCT_NAME = "$(TARGET_NAME)";
				SWIFT_VERSION = 3.0;
				TARGETED_DEVICE_FAMILY = 1;
			};
			name = Release;
		};
		CCC02E311DCB3AF100321A52 /* Debug */ = {
			isa = XCBuildConfiguration;
			buildSettings = {
				ALWAYS_EMBED_SWIFT_STANDARD_LIBRARIES = YES;
				BUNDLE_LOADER = "$(TEST_HOST)";
				DEVELOPMENT_TEAM = HU67T7K98D;
				INFOPLIST_FILE = SimpleWatchTests/Info.plist;
				LD_RUNPATH_SEARCH_PATHS = "$(inherited) @executable_path/Frameworks @loader_path/Frameworks";
				PRODUCT_BUNDLE_IDENTIFIER = edu.homly.SimpleWatchTests;
				PRODUCT_NAME = "$(TARGET_NAME)";
				SWIFT_VERSION = 3.0;
				TEST_HOST = "$(BUILT_PRODUCTS_DIR)/SimpleWatch.app/SimpleWatch";
			};
			name = Debug;
		};
		CCC02E321DCB3AF100321A52 /* Release */ = {
			isa = XCBuildConfiguration;
			buildSettings = {
				ALWAYS_EMBED_SWIFT_STANDARD_LIBRARIES = YES;
				BUNDLE_LOADER = "$(TEST_HOST)";
				DEVELOPMENT_TEAM = HU67T7K98D;
				INFOPLIST_FILE = SimpleWatchTests/Info.plist;
				LD_RUNPATH_SEARCH_PATHS = "$(inherited) @executable_path/Frameworks @loader_path/Frameworks";
				PRODUCT_BUNDLE_IDENTIFIER = edu.homly.SimpleWatchTests;
				PRODUCT_NAME = "$(TARGET_NAME)";
				SWIFT_VERSION = 3.0;
				TEST_HOST = "$(BUILT_PRODUCTS_DIR)/SimpleWatch.app/SimpleWatch";
			};
			name = Release;
		};
		CCE5636D1DEC4F68007D972D /* Debug */ = {
			isa = XCBuildConfiguration;
			buildSettings = {
				ASSETCATALOG_COMPILER_COMPLICATION_NAME = Complication;
				DEVELOPMENT_TEAM = HU67T7K98D;
				INFOPLIST_FILE = "WatchDataKit Extension/Info.plist";
				LD_RUNPATH_SEARCH_PATHS = "$(inherited) @executable_path/Frameworks @executable_path/../../Frameworks";
				PRODUCT_BUNDLE_IDENTIFIER = edu.homly.SimpleWatch.watchkitapp.watchkitextension;
				PRODUCT_NAME = "${TARGET_NAME}";
				SDKROOT = watchos;
				SKIP_INSTALL = YES;
				SWIFT_VERSION = 3.0;
				TARGETED_DEVICE_FAMILY = 4;
				WATCHOS_DEPLOYMENT_TARGET = 3.1;
			};
			name = Debug;
		};
		CCE5636E1DEC4F68007D972D /* Release */ = {
			isa = XCBuildConfiguration;
			buildSettings = {
				ASSETCATALOG_COMPILER_COMPLICATION_NAME = Complication;
				DEVELOPMENT_TEAM = HU67T7K98D;
				INFOPLIST_FILE = "WatchDataKit Extension/Info.plist";
				LD_RUNPATH_SEARCH_PATHS = "$(inherited) @executable_path/Frameworks @executable_path/../../Frameworks";
				PRODUCT_BUNDLE_IDENTIFIER = edu.homly.SimpleWatch.watchkitapp.watchkitextension;
				PRODUCT_NAME = "${TARGET_NAME}";
				SDKROOT = watchos;
				SKIP_INSTALL = YES;
				SWIFT_VERSION = 3.0;
				TARGETED_DEVICE_FAMILY = 4;
				WATCHOS_DEPLOYMENT_TARGET = 3.1;
			};
			name = Release;
		};
/* End XCBuildConfiguration section */

/* Begin XCConfigurationList section */
		CCC02DE01DCB3AF000321A52 /* Build configuration list for PBXProject "SimpleWatch" */ = {
			isa = XCConfigurationList;
			buildConfigurations = (
				CCC02E231DCB3AF100321A52 /* Debug */,
				CCC02E241DCB3AF100321A52 /* Release */,
			);
			defaultConfigurationIsVisible = 0;
			defaultConfigurationName = Release;
		};
		CCC02E251DCB3AF100321A52 /* Build configuration list for PBXNativeTarget "SimpleWatch WatchKit Extension" */ = {
			isa = XCConfigurationList;
			buildConfigurations = (
				CCC02E261DCB3AF100321A52 /* Debug */,
				CCC02E271DCB3AF100321A52 /* Release */,
			);
			defaultConfigurationIsVisible = 0;
			defaultConfigurationName = Release;
		};
		CCC02E291DCB3AF100321A52 /* Build configuration list for PBXNativeTarget "SimpleWatch WatchKit App" */ = {
			isa = XCConfigurationList;
			buildConfigurations = (
				CCC02E2A1DCB3AF100321A52 /* Debug */,
				CCC02E2B1DCB3AF100321A52 /* Release */,
			);
			defaultConfigurationIsVisible = 0;
			defaultConfigurationName = Release;
		};
		CCC02E2D1DCB3AF100321A52 /* Build configuration list for PBXNativeTarget "SimpleWatch" */ = {
			isa = XCConfigurationList;
			buildConfigurations = (
				CCC02E2E1DCB3AF100321A52 /* Debug */,
				CCC02E2F1DCB3AF100321A52 /* Release */,
			);
			defaultConfigurationIsVisible = 0;
			defaultConfigurationName = Release;
		};
		CCC02E301DCB3AF100321A52 /* Build configuration list for PBXNativeTarget "SimpleWatchTests" */ = {
			isa = XCConfigurationList;
			buildConfigurations = (
				CCC02E311DCB3AF100321A52 /* Debug */,
				CCC02E321DCB3AF100321A52 /* Release */,
			);
			defaultConfigurationIsVisible = 0;
			defaultConfigurationName = Release;
		};
		CCE5636F1DEC4F68007D972D /* Build configuration list for PBXNativeTarget "WatchDataKit Extension" */ = {
			isa = XCConfigurationList;
			buildConfigurations = (
				CCE5636D1DEC4F68007D972D /* Debug */,
				CCE5636E1DEC4F68007D972D /* Release */,
			);
			defaultConfigurationIsVisible = 0;
			defaultConfigurationName = Release;
		};
/* End XCConfigurationList section */
	};
	rootObject = CCC02DDD1DCB3AF000321A52 /* Project object */;
}
